
Microsoft Visual Studio Solution File, Format Version 12.00
# Visual Studio Version 17
VisualStudioVersion = 17.11.35327.3
MinimumVisualStudioVersion = 10.0.40219.1
Project("{FAE04EC0-301F-11D3-BF4B-00C04F79EFBC}") = "SurveyApp", "SurveyApp\SurveyApp.csproj", "{CC3BF253-C71A-47AC-A845-C97EF20F8C5D}"
EndProject
Global
	GlobalSection(SolutionConfigurationPlatforms) = preSolution
		Debug|Any CPU = Debug|Any CPU
		Release|Any CPU = Release|Any CPU
	EndGlobalSection
	GlobalSection(ProjectConfigurationPlatforms) = postSolution
		{CC3BF253-C71A-47AC-A845-C97EF20F8C5D}.Debug|Any CPU.ActiveCfg = Debug|Any CPU
		{CC3BF253-C71A-47AC-A845-C97EF20F8C5D}.Debug|Any CPU.Build.0 = Debug|Any CPU
		{CC3BF253-C71A-47AC-A845-C97EF20F8C5D}.Release|Any CPU.ActiveCfg = Release|Any CPU
		{CC3BF253-C71A-47AC-A845-C97EF20F8C5D}.Release|Any CPU.Build.0 = Release|Any CPU
	EndGlobalSection
	GlobalSection(SolutionProperties) = preSolution
		HideSolutionNode = FALSE
	EndGlobalSection
	GlobalSection(ExtensibilityGlobals) = postSolution
		SolutionGuid = {10F5CC50-A9F6-4E35-AA45-652C71985DE5}
	EndGlobalSection
EndGlobal
